
Microsoft Visual Studio Solution File, Format Version 12.00
# Visual Studio Version 17
VisualStudioVersion = 17.8.34408.163
MinimumVisualStudioVersion = 10.0.40219.1
Project("{2150E333-8FDC-42A3-9474-1A3956D46DE8}") = "Problem Solving", "Problem Solving", "{1A0B90B3-F5EB-4314-BAED-B83A1849EAF9}"
EndProject
Project("{2150E333-8FDC-42A3-9474-1A3956D46DE8}") = "1.WarnUp", "1.WarnUp", "{0006526F-ED59-46A0-ADD7-E2F9707C38A9}"
EndProject
Project("{9A19103F-16F7-4668-BE54-9A1E7A4F7556}") = "BirthDay_Cake", "Problem Solving\1.WarmUp\BirthDay_Cake\BirthDay_Cake.csproj", "{BB4B3B3E-712B-42B1-B0D2-E4C95F443CDF}"
EndProject
Project("{9A19103F-16F7-4668-BE54-9A1E7A4F7556}") = "Diagonal_Difference", "Problem Solving\1.WarmUp\Diagonal_Difference\Diagonal_Difference.csproj", "{0189810A-1D7B-42F1-844F-3D0970B9CB39}"
EndProject
Project("{9A19103F-16F7-4668-BE54-9A1E7A4F7556}") = "Plus_Minus_radio", "Problem Solving\1.WarmUp\Plus_Minus_radio\Plus_Minus_radio.csproj", "{272F86D2-CD77-4D56-9C49-4C936E44E4E4}"
EndProject
Project("{9A19103F-16F7-4668-BE54-9A1E7A4F7556}") = "StairCase", "Problem Solving\1.WarmUp\StairCase\StairCase.csproj", "{89AD2158-7528-4348-931C-611F80BD1848}"
EndProject
Project("{9A19103F-16F7-4668-BE54-9A1E7A4F7556}") = "Sum-Min-Max", "Problem Solving\1.WarmUp\Sum-Min-Max\Sum-Min-Max.csproj", "{4E4EAA1F-BCEB-43B7-932C-ABF615191506}"
EndProject
Project("{9A19103F-16F7-4668-BE54-9A1E7A4F7556}") = "Time-Conversion", "Problem Solving\1.WarmUp\Time-Conversion\Time-Conversion.csproj", "{3ABAC0C9-6EEF-4FD2-90A1-EE29EF9E9A51}"
EndProject
Project("{9A19103F-16F7-4668-BE54-9A1E7A4F7556}") = "Test", "Test\Test.csproj", "{9A0B117E-F8CB-45F4-8BFC-AA4CFC3C1ACF}"
EndProject
Project("{2150E333-8FDC-42A3-9474-1A3956D46DE8}") = "2.Implementation", "2.Implementation", "{31D4B45B-C645-46DF-9087-2F2C090D999D}"
EndProject
Project("{9A19103F-16F7-4668-BE54-9A1E7A4F7556}") = "Apple_Orange", "Problem Solving\2.Implementation\Apple_Orange\Apple_Orange.csproj", "{7DFBF6FB-1994-4788-82AF-931F20842A31}"
EndProject
Project("{9A19103F-16F7-4668-BE54-9A1E7A4F7556}") = "Breaking_The_Records", "Problem Solving\2.Implementation\Breaking_The_Records\Breaking_The_Records.csproj", "{B11B2D1E-EAC5-416E-A9E4-CA77F663D32E}"
EndProject
Project("{9A19103F-16F7-4668-BE54-9A1E7A4F7556}") = "Between-Two-Sets", "Problem Solving\2.Implementation\Between-Two-Sets\Between-Two-Sets.csproj", "{85D83AC8-40B9-4AF9-9333-E0FFF70AD96C}"
EndProject
Project("{9A19103F-16F7-4668-BE54-9A1E7A4F7556}") = "Number-Line-Jumps", "Problem Solving\2.Implementation\Number-Line-Jumps\Number-Line-Jumps.csproj", "{97F97CD9-3F78-4F98-AF50-E2C50E9B85D3}"
EndProject
Project("{9A19103F-16F7-4668-BE54-9A1E7A4F7556}") = "GradingStudent", "Problem Solving\2.Implementation\GradingStudent\GradingStudent.csproj", "{812EA5C3-572F-446A-BB48-ADFE7EBFC05C}"
EndProject
Project("{9A19103F-16F7-4668-BE54-9A1E7A4F7556}") = "SubarrayDivision", "Problem Solving\2.Implementation\SubarrayDivision\SubarrayDivision.csproj", "{5B1609BD-E18D-4D53-B3C8-72A47EC8863C}"
EndProject
Project("{9A19103F-16F7-4668-BE54-9A1E7A4F7556}") = "DivisibleSumPairs", "DivisibleSumPairs\DivisibleSumPairs.csproj", "{57BCE988-5E4F-46FA-AD04-066EEAA2BA79}"
EndProject
Project("{9A19103F-16F7-4668-BE54-9A1E7A4F7556}") = "MigratoryBirds", "MigratoryBirds\MigratoryBirds.csproj", "{6EF4687B-E3F9-4653-92AB-96B73C16A6A1}"
EndProject
Project("{9A19103F-16F7-4668-BE54-9A1E7A4F7556}") = "DayoftheProgrammer", "Problem Solving\2.Implementation\DayoftheProgrammer\DayoftheProgrammer.csproj", "{EB1164D2-9D68-4614-ACB2-6D5D609A20CC}"
EndProject
Project("{2150E333-8FDC-42A3-9474-1A3956D46DE8}") = "3.String", "3.String", "{7D2E3F72-5C11-4001-8551-4021980692C0}"
EndProject
Project("{9A19103F-16F7-4668-BE54-9A1E7A4F7556}") = "ConsoleApp1", "ConsoleApp1\ConsoleApp1.csproj", "{FEE88201-2B3E-4761-A9A3-9A1C232500B0}"
EndProject
Project("{9A19103F-16F7-4668-BE54-9A1E7A4F7556}") = "BillDivision", "BillDivision\BillDivision.csproj", "{04FE7CF2-EA7E-4832-8B61-5451C59C67D6}"
EndProject
Project("{9A19103F-16F7-4668-BE54-9A1E7A4F7556}") = "SalesbyMatch", "SalesbyMatch\SalesbyMatch.csproj", "{0E33D521-0905-4525-8D7E-F266A3A3ADA3}"
EndProject
Project("{9A19103F-16F7-4668-BE54-9A1E7A4F7556}") = "DrawingBook", "DrawingBook\DrawingBook.csproj", "{9E393C32-C000-4E6E-B680-C31C8A972B76}"
EndProject
Project("{9A19103F-16F7-4668-BE54-9A1E7A4F7556}") = "CountingValleys", "CountingValleys\CountingValleys.csproj", "{E7AB44D1-CBDE-40FE-A272-D81C99F2244A}"
EndProject
Project("{9A19103F-16F7-4668-BE54-9A1E7A4F7556}") = "ElectronicsShop", "ElectronicsShop\ElectronicsShop.csproj", "{74B52CFA-2EB2-4F06-9A2F-28955CFEBC80}"
EndProject
Project("{9A19103F-16F7-4668-BE54-9A1E7A4F7556}") = "CatsAndAMouse", "CatsAndAMouse\CatsAndAMouse.csproj", "{8640D613-AE5E-43AB-8FA0-7417DAEFDFC5}"
EndProject
Project("{9A19103F-16F7-4668-BE54-9A1E7A4F7556}") = "ClimbingLeaderboard", "ClimbingLeaderboard\ClimbingLeaderboard.csproj", "{19D7E32E-C71B-4F2F-8402-6C3A9F9C9ED1}"
EndProject
Project("{FAE04EC0-301F-11D3-BF4B-00C04F79EFBC}") = "FormingMagicSquare", "FormingMagicSquare\FormingMagicSquare.csproj", "{9ACF1364-55CF-475D-AE0A-A6EA4AC85DCF}"
EndProject
Project("{FAE04EC0-301F-11D3-BF4B-00C04F79EFBC}") = "BeautifulDaysMovies", "BeautifulDaysMovies\BeautifulDaysMovies.csproj", "{5483F8EF-0349-4BC6-A51B-3709EF91C4A9}"
EndProject
Global
	GlobalSection(SolutionConfigurationPlatforms) = preSolution
		Debug|Any CPU = Debug|Any CPU
		Release|Any CPU = Release|Any CPU
	EndGlobalSection
	GlobalSection(ProjectConfigurationPlatforms) = postSolution
		{BB4B3B3E-712B-42B1-B0D2-E4C95F443CDF}.Debug|Any CPU.ActiveCfg = Debug|Any CPU
		{BB4B3B3E-712B-42B1-B0D2-E4C95F443CDF}.Debug|Any CPU.Build.0 = Debug|Any CPU
		{BB4B3B3E-712B-42B1-B0D2-E4C95F443CDF}.Release|Any CPU.ActiveCfg = Release|Any CPU
		{BB4B3B3E-712B-42B1-B0D2-E4C95F443CDF}.Release|Any CPU.Build.0 = Release|Any CPU
		{0189810A-1D7B-42F1-844F-3D0970B9CB39}.Debug|Any CPU.ActiveCfg = Debug|Any CPU
		{0189810A-1D7B-42F1-844F-3D0970B9CB39}.Debug|Any CPU.Build.0 = Debug|Any CPU
		{0189810A-1D7B-42F1-844F-3D0970B9CB39}.Release|Any CPU.ActiveCfg = Release|Any CPU
		{0189810A-1D7B-42F1-844F-3D0970B9CB39}.Release|Any CPU.Build.0 = Release|Any CPU
		{272F86D2-CD77-4D56-9C49-4C936E44E4E4}.Debug|Any CPU.ActiveCfg = Debug|Any CPU
		{272F86D2-CD77-4D56-9C49-4C936E44E4E4}.Debug|Any CPU.Build.0 = Debug|Any CPU
		{272F86D2-CD77-4D56-9C49-4C936E44E4E4}.Release|Any CPU.ActiveCfg = Release|Any CPU
		{272F86D2-CD77-4D56-9C49-4C936E44E4E4}.Release|Any CPU.Build.0 = Release|Any CPU
		{89AD2158-7528-4348-931C-611F80BD1848}.Debug|Any CPU.ActiveCfg = Debug|Any CPU
		{89AD2158-7528-4348-931C-611F80BD1848}.Debug|Any CPU.Build.0 = Debug|Any CPU
		{89AD2158-7528-4348-931C-611F80BD1848}.Release|Any CPU.ActiveCfg = Release|Any CPU
		{89AD2158-7528-4348-931C-611F80BD1848}.Release|Any CPU.Build.0 = Release|Any CPU
		{4E4EAA1F-BCEB-43B7-932C-ABF615191506}.Debug|Any CPU.ActiveCfg = Debug|Any CPU
		{4E4EAA1F-BCEB-43B7-932C-ABF615191506}.Debug|Any CPU.Build.0 = Debug|Any CPU
		{4E4EAA1F-BCEB-43B7-932C-ABF615191506}.Release|Any CPU.ActiveCfg = Release|Any CPU
		{4E4EAA1F-BCEB-43B7-932C-ABF615191506}.Release|Any CPU.Build.0 = Release|Any CPU
		{3ABAC0C9-6EEF-4FD2-90A1-EE29EF9E9A51}.Debug|Any CPU.ActiveCfg = Debug|Any CPU
		{3ABAC0C9-6EEF-4FD2-90A1-EE29EF9E9A51}.Debug|Any CPU.Build.0 = Debug|Any CPU
		{3ABAC0C9-6EEF-4FD2-90A1-EE29EF9E9A51}.Release|Any CPU.ActiveCfg = Release|Any CPU
		{3ABAC0C9-6EEF-4FD2-90A1-EE29EF9E9A51}.Release|Any CPU.Build.0 = Release|Any CPU
		{9A0B117E-F8CB-45F4-8BFC-AA4CFC3C1ACF}.Debug|Any CPU.ActiveCfg = Debug|Any CPU
		{9A0B117E-F8CB-45F4-8BFC-AA4CFC3C1ACF}.Debug|Any CPU.Build.0 = Debug|Any CPU
		{9A0B117E-F8CB-45F4-8BFC-AA4CFC3C1ACF}.Release|Any CPU.ActiveCfg = Release|Any CPU
		{9A0B117E-F8CB-45F4-8BFC-AA4CFC3C1ACF}.Release|Any CPU.Build.0 = Release|Any CPU
		{7DFBF6FB-1994-4788-82AF-931F20842A31}.Debug|Any CPU.ActiveCfg = Debug|Any CPU
		{7DFBF6FB-1994-4788-82AF-931F20842A31}.Debug|Any CPU.Build.0 = Debug|Any CPU
		{7DFBF6FB-1994-4788-82AF-931F20842A31}.Release|Any CPU.ActiveCfg = Release|Any CPU
		{7DFBF6FB-1994-4788-82AF-931F20842A31}.Release|Any CPU.Build.0 = Release|Any CPU
		{B11B2D1E-EAC5-416E-A9E4-CA77F663D32E}.Debug|Any CPU.ActiveCfg = Debug|Any CPU
		{B11B2D1E-EAC5-416E-A9E4-CA77F663D32E}.Debug|Any CPU.Build.0 = Debug|Any CPU
		{B11B2D1E-EAC5-416E-A9E4-CA77F663D32E}.Release|Any CPU.ActiveCfg = Release|Any CPU
		{B11B2D1E-EAC5-416E-A9E4-CA77F663D32E}.Release|Any CPU.Build.0 = Release|Any CPU
		{85D83AC8-40B9-4AF9-9333-E0FFF70AD96C}.Debug|Any CPU.ActiveCfg = Debug|Any CPU
		{85D83AC8-40B9-4AF9-9333-E0FFF70AD96C}.Debug|Any CPU.Build.0 = Debug|Any CPU
		{85D83AC8-40B9-4AF9-9333-E0FFF70AD96C}.Release|Any CPU.ActiveCfg = Release|Any CPU
		{85D83AC8-40B9-4AF9-9333-E0FFF70AD96C}.Release|Any CPU.Build.0 = Release|Any CPU
		{97F97CD9-3F78-4F98-AF50-E2C50E9B85D3}.Debug|Any CPU.ActiveCfg = Debug|Any CPU
		{97F97CD9-3F78-4F98-AF50-E2C50E9B85D3}.Debug|Any CPU.Build.0 = Debug|Any CPU
		{97F97CD9-3F78-4F98-AF50-E2C50E9B85D3}.Release|Any CPU.ActiveCfg = Release|Any CPU
		{97F97CD9-3F78-4F98-AF50-E2C50E9B85D3}.Release|Any CPU.Build.0 = Release|Any CPU
		{812EA5C3-572F-446A-BB48-ADFE7EBFC05C}.Debug|Any CPU.ActiveCfg = Debug|Any CPU
		{812EA5C3-572F-446A-BB48-ADFE7EBFC05C}.Debug|Any CPU.Build.0 = Debug|Any CPU
		{812EA5C3-572F-446A-BB48-ADFE7EBFC05C}.Release|Any CPU.ActiveCfg = Release|Any CPU
		{812EA5C3-572F-446A-BB48-ADFE7EBFC05C}.Release|Any CPU.Build.0 = Release|Any CPU
		{5B1609BD-E18D-4D53-B3C8-72A47EC8863C}.Debug|Any CPU.ActiveCfg = Debug|Any CPU
		{5B1609BD-E18D-4D53-B3C8-72A47EC8863C}.Debug|Any CPU.Build.0 = Debug|Any CPU
		{5B1609BD-E18D-4D53-B3C8-72A47EC8863C}.Release|Any CPU.ActiveCfg = Release|Any CPU
		{5B1609BD-E18D-4D53-B3C8-72A47EC8863C}.Release|Any CPU.Build.0 = Release|Any CPU
		{57BCE988-5E4F-46FA-AD04-066EEAA2BA79}.Debug|Any CPU.ActiveCfg = Debug|Any CPU
		{57BCE988-5E4F-46FA-AD04-066EEAA2BA79}.Debug|Any CPU.Build.0 = Debug|Any CPU
		{57BCE988-5E4F-46FA-AD04-066EEAA2BA79}.Release|Any CPU.ActiveCfg = Release|Any CPU
		{57BCE988-5E4F-46FA-AD04-066EEAA2BA79}.Release|Any CPU.Build.0 = Release|Any CPU
		{6EF4687B-E3F9-4653-92AB-96B73C16A6A1}.Debug|Any CPU.ActiveCfg = Debug|Any CPU
		{6EF4687B-E3F9-4653-92AB-96B73C16A6A1}.Debug|Any CPU.Build.0 = Debug|Any CPU
		{6EF4687B-E3F9-4653-92AB-96B73C16A6A1}.Release|Any CPU.ActiveCfg = Release|Any CPU
		{6EF4687B-E3F9-4653-92AB-96B73C16A6A1}.Release|Any CPU.Build.0 = Release|Any CPU
		{EB1164D2-9D68-4614-ACB2-6D5D609A20CC}.Debug|Any CPU.ActiveCfg = Debug|Any CPU
		{EB1164D2-9D68-4614-ACB2-6D5D609A20CC}.Debug|Any CPU.Build.0 = Debug|Any CPU
		{EB1164D2-9D68-4614-ACB2-6D5D609A20CC}.Release|Any CPU.ActiveCfg = Release|Any CPU
		{EB1164D2-9D68-4614-ACB2-6D5D609A20CC}.Release|Any CPU.Build.0 = Release|Any CPU
		{FEE88201-2B3E-4761-A9A3-9A1C232500B0}.Debug|Any CPU.ActiveCfg = Debug|Any CPU
		{FEE88201-2B3E-4761-A9A3-9A1C232500B0}.Debug|Any CPU.Build.0 = Debug|Any CPU
		{FEE88201-2B3E-4761-A9A3-9A1C232500B0}.Release|Any CPU.ActiveCfg = Release|Any CPU
		{FEE88201-2B3E-4761-A9A3-9A1C232500B0}.Release|Any CPU.Build.0 = Release|Any CPU
		{04FE7CF2-EA7E-4832-8B61-5451C59C67D6}.Debug|Any CPU.ActiveCfg = Debug|Any CPU
		{04FE7CF2-EA7E-4832-8B61-5451C59C67D6}.Debug|Any CPU.Build.0 = Debug|Any CPU
		{04FE7CF2-EA7E-4832-8B61-5451C59C67D6}.Release|Any CPU.ActiveCfg = Release|Any CPU
		{04FE7CF2-EA7E-4832-8B61-5451C59C67D6}.Release|Any CPU.Build.0 = Release|Any CPU
		{0E33D521-0905-4525-8D7E-F266A3A3ADA3}.Debug|Any CPU.ActiveCfg = Debug|Any CPU
		{0E33D521-0905-4525-8D7E-F266A3A3ADA3}.Debug|Any CPU.Build.0 = Debug|Any CPU
		{0E33D521-0905-4525-8D7E-F266A3A3ADA3}.Release|Any CPU.ActiveCfg = Release|Any CPU
		{0E33D521-0905-4525-8D7E-F266A3A3ADA3}.Release|Any CPU.Build.0 = Release|Any CPU
		{9E393C32-C000-4E6E-B680-C31C8A972B76}.Debug|Any CPU.ActiveCfg = Debug|Any CPU
		{9E393C32-C000-4E6E-B680-C31C8A972B76}.Debug|Any CPU.Build.0 = Debug|Any CPU
		{9E393C32-C000-4E6E-B680-C31C8A972B76}.Release|Any CPU.ActiveCfg = Release|Any CPU
		{9E393C32-C000-4E6E-B680-C31C8A972B76}.Release|Any CPU.Build.0 = Release|Any CPU
		{E7AB44D1-CBDE-40FE-A272-D81C99F2244A}.Debug|Any CPU.ActiveCfg = Debug|Any CPU
		{E7AB44D1-CBDE-40FE-A272-D81C99F2244A}.Debug|Any CPU.Build.0 = Debug|Any CPU
		{E7AB44D1-CBDE-40FE-A272-D81C99F2244A}.Release|Any CPU.ActiveCfg = Release|Any CPU
		{E7AB44D1-CBDE-40FE-A272-D81C99F2244A}.Release|Any CPU.Build.0 = Release|Any CPU
		{74B52CFA-2EB2-4F06-9A2F-28955CFEBC80}.Debug|Any CPU.ActiveCfg = Debug|Any CPU
		{74B52CFA-2EB2-4F06-9A2F-28955CFEBC80}.Debug|Any CPU.Build.0 = Debug|Any CPU
		{74B52CFA-2EB2-4F06-9A2F-28955CFEBC80}.Release|Any CPU.ActiveCfg = Release|Any CPU
		{74B52CFA-2EB2-4F06-9A2F-28955CFEBC80}.Release|Any CPU.Build.0 = Release|Any CPU
		{8640D613-AE5E-43AB-8FA0-7417DAEFDFC5}.Debug|Any CPU.ActiveCfg = Debug|Any CPU
		{8640D613-AE5E-43AB-8FA0-7417DAEFDFC5}.Debug|Any CPU.Build.0 = Debug|Any CPU
		{8640D613-AE5E-43AB-8FA0-7417DAEFDFC5}.Release|Any CPU.ActiveCfg = Release|Any CPU
		{8640D613-AE5E-43AB-8FA0-7417DAEFDFC5}.Release|Any CPU.Build.0 = Release|Any CPU
		{19D7E32E-C71B-4F2F-8402-6C3A9F9C9ED1}.Debug|Any CPU.ActiveCfg = Debug|Any CPU
		{19D7E32E-C71B-4F2F-8402-6C3A9F9C9ED1}.Debug|Any CPU.Build.0 = Debug|Any CPU
		{19D7E32E-C71B-4F2F-8402-6C3A9F9C9ED1}.Release|Any CPU.ActiveCfg = Release|Any CPU
		{19D7E32E-C71B-4F2F-8402-6C3A9F9C9ED1}.Release|Any CPU.Build.0 = Release|Any CPU
		{9ACF1364-55CF-475D-AE0A-A6EA4AC85DCF}.Debug|Any CPU.ActiveCfg = Debug|Any CPU
		{9ACF1364-55CF-475D-AE0A-A6EA4AC85DCF}.Debug|Any CPU.Build.0 = Debug|Any CPU
		{9ACF1364-55CF-475D-AE0A-A6EA4AC85DCF}.Release|Any CPU.ActiveCfg = Release|Any CPU
		{9ACF1364-55CF-475D-AE0A-A6EA4AC85DCF}.Release|Any CPU.Build.0 = Release|Any CPU
		{5483F8EF-0349-4BC6-A51B-3709EF91C4A9}.Debug|Any CPU.ActiveCfg = Debug|Any CPU
		{5483F8EF-0349-4BC6-A51B-3709EF91C4A9}.Debug|Any CPU.Build.0 = Debug|Any CPU
		{5483F8EF-0349-4BC6-A51B-3709EF91C4A9}.Release|Any CPU.ActiveCfg = Release|Any CPU
		{5483F8EF-0349-4BC6-A51B-3709EF91C4A9}.Release|Any CPU.Build.0 = Release|Any CPU
	EndGlobalSection
	GlobalSection(SolutionProperties) = preSolution
		HideSolutionNode = FALSE
	EndGlobalSection
	GlobalSection(NestedProjects) = preSolution
		{0006526F-ED59-46A0-ADD7-E2F9707C38A9} = {1A0B90B3-F5EB-4314-BAED-B83A1849EAF9}
		{BB4B3B3E-712B-42B1-B0D2-E4C95F443CDF} = {0006526F-ED59-46A0-ADD7-E2F9707C38A9}
		{0189810A-1D7B-42F1-844F-3D0970B9CB39} = {0006526F-ED59-46A0-ADD7-E2F9707C38A9}
		{272F86D2-CD77-4D56-9C49-4C936E44E4E4} = {0006526F-ED59-46A0-ADD7-E2F9707C38A9}
		{89AD2158-7528-4348-931C-611F80BD1848} = {0006526F-ED59-46A0-ADD7-E2F9707C38A9}
		{4E4EAA1F-BCEB-43B7-932C-ABF615191506} = {0006526F-ED59-46A0-ADD7-E2F9707C38A9}
		{3ABAC0C9-6EEF-4FD2-90A1-EE29EF9E9A51} = {0006526F-ED59-46A0-ADD7-E2F9707C38A9}
		{31D4B45B-C645-46DF-9087-2F2C090D999D} = {1A0B90B3-F5EB-4314-BAED-B83A1849EAF9}
		{7DFBF6FB-1994-4788-82AF-931F20842A31} = {31D4B45B-C645-46DF-9087-2F2C090D999D}
		{B11B2D1E-EAC5-416E-A9E4-CA77F663D32E} = {31D4B45B-C645-46DF-9087-2F2C090D999D}
		{85D83AC8-40B9-4AF9-9333-E0FFF70AD96C} = {31D4B45B-C645-46DF-9087-2F2C090D999D}
		{97F97CD9-3F78-4F98-AF50-E2C50E9B85D3} = {31D4B45B-C645-46DF-9087-2F2C090D999D}
		{812EA5C3-572F-446A-BB48-ADFE7EBFC05C} = {31D4B45B-C645-46DF-9087-2F2C090D999D}
		{5B1609BD-E18D-4D53-B3C8-72A47EC8863C} = {31D4B45B-C645-46DF-9087-2F2C090D999D}
		{57BCE988-5E4F-46FA-AD04-066EEAA2BA79} = {31D4B45B-C645-46DF-9087-2F2C090D999D}
		{6EF4687B-E3F9-4653-92AB-96B73C16A6A1} = {31D4B45B-C645-46DF-9087-2F2C090D999D}
		{EB1164D2-9D68-4614-ACB2-6D5D609A20CC} = {31D4B45B-C645-46DF-9087-2F2C090D999D}
		{7D2E3F72-5C11-4001-8551-4021980692C0} = {1A0B90B3-F5EB-4314-BAED-B83A1849EAF9}
		{FEE88201-2B3E-4761-A9A3-9A1C232500B0} = {7D2E3F72-5C11-4001-8551-4021980692C0}
		{04FE7CF2-EA7E-4832-8B61-5451C59C67D6} = {31D4B45B-C645-46DF-9087-2F2C090D999D}
		{0E33D521-0905-4525-8D7E-F266A3A3ADA3} = {31D4B45B-C645-46DF-9087-2F2C090D999D}
		{9E393C32-C000-4E6E-B680-C31C8A972B76} = {31D4B45B-C645-46DF-9087-2F2C090D999D}
		{E7AB44D1-CBDE-40FE-A272-D81C99F2244A} = {31D4B45B-C645-46DF-9087-2F2C090D999D}
		{74B52CFA-2EB2-4F06-9A2F-28955CFEBC80} = {31D4B45B-C645-46DF-9087-2F2C090D999D}
		{8640D613-AE5E-43AB-8FA0-7417DAEFDFC5} = {31D4B45B-C645-46DF-9087-2F2C090D999D}
		{19D7E32E-C71B-4F2F-8402-6C3A9F9C9ED1} = {31D4B45B-C645-46DF-9087-2F2C090D999D}
		{9ACF1364-55CF-475D-AE0A-A6EA4AC85DCF} = {31D4B45B-C645-46DF-9087-2F2C090D999D}
		{5483F8EF-0349-4BC6-A51B-3709EF91C4A9} = {31D4B45B-C645-46DF-9087-2F2C090D999D}
	EndGlobalSection
	GlobalSection(ExtensibilityGlobals) = postSolution
		SolutionGuid = {DFBBE535-DC1D-4B1B-9B51-4EF077709AF7}
	EndGlobalSection
EndGlobal
