
Microsoft Visual Studio Solution File, Format Version 12.00
# Visual Studio Version 17
VisualStudioVersion = 17.8.34408.163
MinimumVisualStudioVersion = 10.0.40219.1
Project("{2150E333-8FDC-42A3-9474-1A3956D46DE8}") = "Problem Solving", "Problem Solving", "{1A0B90B3-F5EB-4314-BAED-B83A1849EAF9}"
EndProject
Project("{2150E333-8FDC-42A3-9474-1A3956D46DE8}") = "1.WarnUp", "1.WarnUp", "{0006526F-ED59-46A0-ADD7-E2F9707C38A9}"
EndProject
Project("{9A19103F-16F7-4668-BE54-9A1E7A4F7556}") = "BirthDay_Cake", "Problem Solving\1.WarmUp\BirthDay_Cake\BirthDay_Cake.csproj", "{BB4B3B3E-712B-42B1-B0D2-E4C95F443CDF}"
EndProject
Project("{9A19103F-16F7-4668-BE54-9A1E7A4F7556}") = "Diagonal_Difference", "Problem Solving\1.WarmUp\Diagonal_Difference\Diagonal_Difference.csproj", "{0189810A-1D7B-42F1-844F-3D0970B9CB39}"
EndProject
Project("{9A19103F-16F7-4668-BE54-9A1E7A4F7556}") = "Plus_Minus_radio", "Problem Solving\1.WarmUp\Plus_Minus_radio\Plus_Minus_radio.csproj", "{272F86D2-CD77-4D56-9C49-4C936E44E4E4}"
EndProject
Project("{9A19103F-16F7-4668-BE54-9A1E7A4F7556}") = "StairCase", "Problem Solving\1.WarmUp\StairCase\StairCase.csproj", "{89AD2158-7528-4348-931C-611F80BD1848}"
EndProject
Project("{9A19103F-16F7-4668-BE54-9A1E7A4F7556}") = "Sum-Min-Max", "Problem Solving\1.WarmUp\Sum-Min-Max\Sum-Min-Max.csproj", "{4E4EAA1F-BCEB-43B7-932C-ABF615191506}"
EndProject
Project("{9A19103F-16F7-4668-BE54-9A1E7A4F7556}") = "Time-Conversion", "Problem Solving\1.WarmUp\Time-Conversion\Time-Conversion.csproj", "{3ABAC0C9-6EEF-4FD2-90A1-EE29EF9E9A51}"
EndProject
Project("{9A19103F-16F7-4668-BE54-9A1E7A4F7556}") = "Test", "Test\Test.csproj", "{9A0B117E-F8CB-45F4-8BFC-AA4CFC3C1ACF}"
EndProject
Project("{2150E333-8FDC-42A3-9474-1A3956D46DE8}") = "2.Implementation", "2.Implementation", "{31D4B45B-C645-46DF-9087-2F2C090D999D}"
EndProject
Project("{9A19103F-16F7-4668-BE54-9A1E7A4F7556}") = "Apple_Orange", "Problem Solving\2.Implementation\Apple_Orange\Apple_Orange.csproj", "{7DFBF6FB-1994-4788-82AF-931F20842A31}"
EndProject
Project("{9A19103F-16F7-4668-BE54-9A1E7A4F7556}") = "Breaking_The_Records", "Problem Solving\2.Implementation\Breaking_The_Records\Breaking_The_Records.csproj", "{B11B2D1E-EAC5-416E-A9E4-CA77F663D32E}"
EndProject
Project("{9A19103F-16F7-4668-BE54-9A1E7A4F7556}") = "Between-Two-Sets", "Problem Solving\2.Implementation\Between-Two-Sets\Between-Two-Sets.csproj", "{85D83AC8-40B9-4AF9-9333-E0FFF70AD96C}"
EndProject
Project("{9A19103F-16F7-4668-BE54-9A1E7A4F7556}") = "Number-Line-Jumps", "Problem Solving\2.Implementation\Number-Line-Jumps\Number-Line-Jumps.csproj", "{97F97CD9-3F78-4F98-AF50-E2C50E9B85D3}"
EndProject
Project("{9A19103F-16F7-4668-BE54-9A1E7A4F7556}") = "GradingStudent", "Problem Solving\2.Implementation\GradingStudent\GradingStudent.csproj", "{812EA5C3-572F-446A-BB48-ADFE7EBFC05C}"
EndProject
Project("{9A19103F-16F7-4668-BE54-9A1E7A4F7556}") = "SubarrayDivision", "Problem Solving\2.Implementation\SubarrayDivision\SubarrayDivision.csproj", "{5B1609BD-E18D-4D53-B3C8-72A47EC8863C}"
EndProject
Global
	GlobalSection(SolutionConfigurationPlatforms) = preSolution
		Debug|Any CPU = Debug|Any CPU
		Release|Any CPU = Release|Any CPU
	EndGlobalSection
	GlobalSection(ProjectConfigurationPlatforms) = postSolution
		{BB4B3B3E-712B-42B1-B0D2-E4C95F443CDF}.Debug|Any CPU.ActiveCfg = Debug|Any CPU
		{BB4B3B3E-712B-42B1-B0D2-E4C95F443CDF}.Debug|Any CPU.Build.0 = Debug|Any CPU
		{BB4B3B3E-712B-42B1-B0D2-E4C95F443CDF}.Release|Any CPU.ActiveCfg = Release|Any CPU
		{BB4B3B3E-712B-42B1-B0D2-E4C95F443CDF}.Release|Any CPU.Build.0 = Release|Any CPU
		{0189810A-1D7B-42F1-844F-3D0970B9CB39}.Debug|Any CPU.ActiveCfg = Debug|Any CPU
		{0189810A-1D7B-42F1-844F-3D0970B9CB39}.Debug|Any CPU.Build.0 = Debug|Any CPU
		{0189810A-1D7B-42F1-844F-3D0970B9CB39}.Release|Any CPU.ActiveCfg = Release|Any CPU
		{0189810A-1D7B-42F1-844F-3D0970B9CB39}.Release|Any CPU.Build.0 = Release|Any CPU
		{272F86D2-CD77-4D56-9C49-4C936E44E4E4}.Debug|Any CPU.ActiveCfg = Debug|Any CPU
		{272F86D2-CD77-4D56-9C49-4C936E44E4E4}.Debug|Any CPU.Build.0 = Debug|Any CPU
		{272F86D2-CD77-4D56-9C49-4C936E44E4E4}.Release|Any CPU.ActiveCfg = Release|Any CPU
		{272F86D2-CD77-4D56-9C49-4C936E44E4E4}.Release|Any CPU.Build.0 = Release|Any CPU
		{89AD2158-7528-4348-931C-611F80BD1848}.Debug|Any CPU.ActiveCfg = Debug|Any CPU
		{89AD2158-7528-4348-931C-611F80BD1848}.Debug|Any CPU.Build.0 = Debug|Any CPU
		{89AD2158-7528-4348-931C-611F80BD1848}.Release|Any CPU.ActiveCfg = Release|Any CPU
		{89AD2158-7528-4348-931C-611F80BD1848}.Release|Any CPU.Build.0 = Release|Any CPU
		{4E4EAA1F-BCEB-43B7-932C-ABF615191506}.Debug|Any CPU.ActiveCfg = Debug|Any CPU
		{4E4EAA1F-BCEB-43B7-932C-ABF615191506}.Debug|Any CPU.Build.0 = Debug|Any CPU
		{4E4EAA1F-BCEB-43B7-932C-ABF615191506}.Release|Any CPU.ActiveCfg = Release|Any CPU
		{4E4EAA1F-BCEB-43B7-932C-ABF615191506}.Release|Any CPU.Build.0 = Release|Any CPU
		{3ABAC0C9-6EEF-4FD2-90A1-EE29EF9E9A51}.Debug|Any CPU.ActiveCfg = Debug|Any CPU
		{3ABAC0C9-6EEF-4FD2-90A1-EE29EF9E9A51}.Debug|Any CPU.Build.0 = Debug|Any CPU
		{3ABAC0C9-6EEF-4FD2-90A1-EE29EF9E9A51}.Release|Any CPU.ActiveCfg = Release|Any CPU
		{3ABAC0C9-6EEF-4FD2-90A1-EE29EF9E9A51}.Release|Any CPU.Build.0 = Release|Any CPU
		{9A0B117E-F8CB-45F4-8BFC-AA4CFC3C1ACF}.Debug|Any CPU.ActiveCfg = Debug|Any CPU
		{9A0B117E-F8CB-45F4-8BFC-AA4CFC3C1ACF}.Debug|Any CPU.Build.0 = Debug|Any CPU
		{9A0B117E-F8CB-45F4-8BFC-AA4CFC3C1ACF}.Release|Any CPU.ActiveCfg = Release|Any CPU
		{9A0B117E-F8CB-45F4-8BFC-AA4CFC3C1ACF}.Release|Any CPU.Build.0 = Release|Any CPU
		{7DFBF6FB-1994-4788-82AF-931F20842A31}.Debug|Any CPU.ActiveCfg = Debug|Any CPU
		{7DFBF6FB-1994-4788-82AF-931F20842A31}.Debug|Any CPU.Build.0 = Debug|Any CPU
		{7DFBF6FB-1994-4788-82AF-931F20842A31}.Release|Any CPU.ActiveCfg = Release|Any CPU
		{7DFBF6FB-1994-4788-82AF-931F20842A31}.Release|Any CPU.Build.0 = Release|Any CPU
		{B11B2D1E-EAC5-416E-A9E4-CA77F663D32E}.Debug|Any CPU.ActiveCfg = Debug|Any CPU
		{B11B2D1E-EAC5-416E-A9E4-CA77F663D32E}.Debug|Any CPU.Build.0 = Debug|Any CPU
		{B11B2D1E-EAC5-416E-A9E4-CA77F663D32E}.Release|Any CPU.ActiveCfg = Release|Any CPU
		{B11B2D1E-EAC5-416E-A9E4-CA77F663D32E}.Release|Any CPU.Build.0 = Release|Any CPU
		{85D83AC8-40B9-4AF9-9333-E0FFF70AD96C}.Debug|Any CPU.ActiveCfg = Debug|Any CPU
		{85D83AC8-40B9-4AF9-9333-E0FFF70AD96C}.Debug|Any CPU.Build.0 = Debug|Any CPU
		{85D83AC8-40B9-4AF9-9333-E0FFF70AD96C}.Release|Any CPU.ActiveCfg = Release|Any CPU
		{85D83AC8-40B9-4AF9-9333-E0FFF70AD96C}.Release|Any CPU.Build.0 = Release|Any CPU
		{97F97CD9-3F78-4F98-AF50-E2C50E9B85D3}.Debug|Any CPU.ActiveCfg = Debug|Any CPU
		{97F97CD9-3F78-4F98-AF50-E2C50E9B85D3}.Debug|Any CPU.Build.0 = Debug|Any CPU
		{97F97CD9-3F78-4F98-AF50-E2C50E9B85D3}.Release|Any CPU.ActiveCfg = Release|Any CPU
		{97F97CD9-3F78-4F98-AF50-E2C50E9B85D3}.Release|Any CPU.Build.0 = Release|Any CPU
		{812EA5C3-572F-446A-BB48-ADFE7EBFC05C}.Debug|Any CPU.ActiveCfg = Debug|Any CPU
		{812EA5C3-572F-446A-BB48-ADFE7EBFC05C}.Debug|Any CPU.Build.0 = Debug|Any CPU
		{812EA5C3-572F-446A-BB48-ADFE7EBFC05C}.Release|Any CPU.ActiveCfg = Release|Any CPU
		{812EA5C3-572F-446A-BB48-ADFE7EBFC05C}.Release|Any CPU.Build.0 = Release|Any CPU
		{5B1609BD-E18D-4D53-B3C8-72A47EC8863C}.Debug|Any CPU.ActiveCfg = Debug|Any CPU
		{5B1609BD-E18D-4D53-B3C8-72A47EC8863C}.Debug|Any CPU.Build.0 = Debug|Any CPU
		{5B1609BD-E18D-4D53-B3C8-72A47EC8863C}.Release|Any CPU.ActiveCfg = Release|Any CPU
		{5B1609BD-E18D-4D53-B3C8-72A47EC8863C}.Release|Any CPU.Build.0 = Release|Any CPU
	EndGlobalSection
	GlobalSection(SolutionProperties) = preSolution
		HideSolutionNode = FALSE
	EndGlobalSection
	GlobalSection(NestedProjects) = preSolution
		{0006526F-ED59-46A0-ADD7-E2F9707C38A9} = {1A0B90B3-F5EB-4314-BAED-B83A1849EAF9}
		{BB4B3B3E-712B-42B1-B0D2-E4C95F443CDF} = {0006526F-ED59-46A0-ADD7-E2F9707C38A9}
		{0189810A-1D7B-42F1-844F-3D0970B9CB39} = {0006526F-ED59-46A0-ADD7-E2F9707C38A9}
		{272F86D2-CD77-4D56-9C49-4C936E44E4E4} = {0006526F-ED59-46A0-ADD7-E2F9707C38A9}
		{89AD2158-7528-4348-931C-611F80BD1848} = {0006526F-ED59-46A0-ADD7-E2F9707C38A9}
		{4E4EAA1F-BCEB-43B7-932C-ABF615191506} = {0006526F-ED59-46A0-ADD7-E2F9707C38A9}
		{3ABAC0C9-6EEF-4FD2-90A1-EE29EF9E9A51} = {0006526F-ED59-46A0-ADD7-E2F9707C38A9}
		{31D4B45B-C645-46DF-9087-2F2C090D999D} = {1A0B90B3-F5EB-4314-BAED-B83A1849EAF9}
		{7DFBF6FB-1994-4788-82AF-931F20842A31} = {31D4B45B-C645-46DF-9087-2F2C090D999D}
		{B11B2D1E-EAC5-416E-A9E4-CA77F663D32E} = {31D4B45B-C645-46DF-9087-2F2C090D999D}
		{85D83AC8-40B9-4AF9-9333-E0FFF70AD96C} = {31D4B45B-C645-46DF-9087-2F2C090D999D}
		{97F97CD9-3F78-4F98-AF50-E2C50E9B85D3} = {31D4B45B-C645-46DF-9087-2F2C090D999D}
		{812EA5C3-572F-446A-BB48-ADFE7EBFC05C} = {31D4B45B-C645-46DF-9087-2F2C090D999D}
		{5B1609BD-E18D-4D53-B3C8-72A47EC8863C} = {31D4B45B-C645-46DF-9087-2F2C090D999D}
	EndGlobalSection
	GlobalSection(ExtensibilityGlobals) = postSolution
		SolutionGuid = {DFBBE535-DC1D-4B1B-9B51-4EF077709AF7}
	EndGlobalSection
EndGlobal
